
Microsoft Visual Studio Solution File, Format Version 12.00
# Visual Studio 15
VisualStudioVersion = 15.0.28307.705
MinimumVisualStudioVersion = 10.0.40219.1
Project("{FAE04EC0-301F-11D3-BF4B-00C04F79EFBC}") = "WebApplication1", "WebApplication1\WebApplication1.csproj", "{DE03855D-F52E-4FD6-8FCA-732357DB4517}"
EndProject
Global
	GlobalSection(SolutionConfigurationPlatforms) = preSolution
		Debug|Any CPU = Debug|Any CPU
		Release|Any CPU = Release|Any CPU
	EndGlobalSection
	GlobalSection(ProjectConfigurationPlatforms) = postSolution
		{DE03855D-F52E-4FD6-8FCA-732357DB4517}.Debug|Any CPU.ActiveCfg = Debug|Any CPU
		{DE03855D-F52E-4FD6-8FCA-732357DB4517}.Debug|Any CPU.Build.0 = Debug|Any CPU
		{DE03855D-F52E-4FD6-8FCA-732357DB4517}.Release|Any CPU.ActiveCfg = Release|Any CPU
		{DE03855D-F52E-4FD6-8FCA-732357DB4517}.Release|Any CPU.Build.0 = Release|Any CPU
	EndGlobalSection
	GlobalSection(SolutionProperties) = preSolution
		HideSolutionNode = FALSE
	EndGlobalSection
	GlobalSection(ExtensibilityGlobals) = postSolution
		SolutionGuid = {8D1BA5AE-1F41-4BB6-A17F-569AF5AA611E}
	EndGlobalSection
EndGlobal
